
Microsoft Visual Studio Solution File, Format Version 12.00
# Visual Studio Version 17
VisualStudioVersion = 17.5.33530.505
MinimumVisualStudioVersion = 10.0.40219.1
Project("{FAE04EC0-301F-11D3-BF4B-00C04F79EFBC}") = "8pr_yanguzov", "8pr_yanguzov.csproj", "{C9EADC91-51F4-4D27-9243-6BEABDB4A165}"
EndProject
Global
	GlobalSection(SolutionConfigurationPlatforms) = preSolution
		Debug|Any CPU = Debug|Any CPU
		Release|Any CPU = Release|Any CPU
	EndGlobalSection
	GlobalSection(ProjectConfigurationPlatforms) = postSolution
		{C9EADC91-51F4-4D27-9243-6BEABDB4A165}.Debug|Any CPU.ActiveCfg = Debug|Any CPU
		{C9EADC91-51F4-4D27-9243-6BEABDB4A165}.Debug|Any CPU.Build.0 = Debug|Any CPU
		{C9EADC91-51F4-4D27-9243-6BEABDB4A165}.Release|Any CPU.ActiveCfg = Release|Any CPU
		{C9EADC91-51F4-4D27-9243-6BEABDB4A165}.Release|Any CPU.Build.0 = Release|Any CPU
	EndGlobalSection
	GlobalSection(SolutionProperties) = preSolution
		HideSolutionNode = FALSE
	EndGlobalSection
	GlobalSection(ExtensibilityGlobals) = postSolution
		SolutionGuid = {7E2001C0-EB7D-472C-BA00-D3D0F318E302}
	EndGlobalSection
EndGlobal
